
Microsoft Visual Studio Solution File, Format Version 12.00
# Visual Studio Version 17
VisualStudioVersion = 17.5.33516.290
MinimumVisualStudioVersion = 10.0.40219.1
Project("{FAE04EC0-301F-11D3-BF4B-00C04F79EFBC}") = "PortfolioWeb", "PortfolioWeb.csproj", "{3E7E1C45-A24D-4E28-A063-37B2ABC787E0}"
EndProject
Global
	GlobalSection(SolutionConfigurationPlatforms) = preSolution
		Debug|Any CPU = Debug|Any CPU
		Release|Any CPU = Release|Any CPU
	EndGlobalSection
	GlobalSection(ProjectConfigurationPlatforms) = postSolution
		{3E7E1C45-A24D-4E28-A063-37B2ABC787E0}.Debug|Any CPU.ActiveCfg = Debug|Any CPU
		{3E7E1C45-A24D-4E28-A063-37B2ABC787E0}.Debug|Any CPU.Build.0 = Debug|Any CPU
		{3E7E1C45-A24D-4E28-A063-37B2ABC787E0}.Release|Any CPU.ActiveCfg = Release|Any CPU
		{3E7E1C45-A24D-4E28-A063-37B2ABC787E0}.Release|Any CPU.Build.0 = Release|Any CPU
	EndGlobalSection
	GlobalSection(SolutionProperties) = preSolution
		HideSolutionNode = FALSE
	EndGlobalSection
	GlobalSection(ExtensibilityGlobals) = postSolution
		SolutionGuid = {8ADFFC82-8605-4308-A3B9-3EEE18A033E5}
	EndGlobalSection
EndGlobal
